
Microsoft Visual Studio Solution File, Format Version 12.00
# Visual Studio Version 17
VisualStudioVersion = 17.4.33213.308
MinimumVisualStudioVersion = 10.0.40219.1
Project("{FAE04EC0-301F-11D3-BF4B-00C04F79EFBC}") = "5.domaca_zadaca", "5.domaca_zadaca.csproj", "{BBC81D7B-F4D9-41C1-A1A5-5DB577CF76B6}"
EndProject
Global
	GlobalSection(SolutionConfigurationPlatforms) = preSolution
		Debug|Any CPU = Debug|Any CPU
		Release|Any CPU = Release|Any CPU
	EndGlobalSection
	GlobalSection(ProjectConfigurationPlatforms) = postSolution
		{BBC81D7B-F4D9-41C1-A1A5-5DB577CF76B6}.Debug|Any CPU.ActiveCfg = Debug|Any CPU
		{BBC81D7B-F4D9-41C1-A1A5-5DB577CF76B6}.Debug|Any CPU.Build.0 = Debug|Any CPU
		{BBC81D7B-F4D9-41C1-A1A5-5DB577CF76B6}.Release|Any CPU.ActiveCfg = Release|Any CPU
		{BBC81D7B-F4D9-41C1-A1A5-5DB577CF76B6}.Release|Any CPU.Build.0 = Release|Any CPU
	EndGlobalSection
	GlobalSection(SolutionProperties) = preSolution
		HideSolutionNode = FALSE
	EndGlobalSection
	GlobalSection(ExtensibilityGlobals) = postSolution
		SolutionGuid = {57C04A12-4FD4-4118-9177-F02A3F85F867}
	EndGlobalSection
EndGlobal
